
Microsoft Visual Studio Solution File, Format Version 12.00
# Visual Studio 15
VisualStudioVersion = 15.0.28307.168
MinimumVisualStudioVersion = 10.0.40219.1
Project("{D954291E-2A0B-460D-934E-DC6B0785DB48}") = "JSTemplate", "JSTemplate\JSTemplate.shproj", "{52552253-FEA2-4C5B-ACC2-DADFB1F3604A}"
EndProject
Global
	GlobalSection(SharedMSBuildProjectFiles) = preSolution
		JSTemplate\JSTemplate.projitems*{52552253-fea2-4c5b-acc2-dadfb1f3604a}*SharedItemsImports = 13
	EndGlobalSection
	GlobalSection(SolutionProperties) = preSolution
		HideSolutionNode = FALSE
	EndGlobalSection
	GlobalSection(ExtensibilityGlobals) = postSolution
		SolutionGuid = {B4008EC6-50B8-45CF-8ADB-8CD86E568A94}
	EndGlobalSection
EndGlobal
